// !$*UTF8*$!
{
	archiveVersion = 1;
	classes = {
	};
	objectVersion = 50;
	objects = {

/* Begin PBXBuildFile section */
		38AA19E4FAEFC17799416293 /* Pods_Shopping_List.framework in Frameworks */ = {isa = PBXBuildFile; fileRef = AE0D09D879E92BF1F1E489ED /* Pods_Shopping_List.framework */; };
		CBD503F9212B4E4800B41838 /* AppDelegate.swift in Sources */ = {isa = PBXBuildFile; fileRef = CBD503F8212B4E4800B41838 /* AppDelegate.swift */; };
		CBD503FB212B4E4800B41838 /* ViewController.swift in Sources */ = {isa = PBXBuildFile; fileRef = CBD503FA212B4E4800B41838 /* ViewController.swift */; };
		CBD503FE212B4E4800B41838 /* Main.storyboard in Resources */ = {isa = PBXBuildFile; fileRef = CBD503FC212B4E4800B41838 /* Main.storyboard */; };
		CBD50400212B4E4A00B41838 /* Assets.xcassets in Resources */ = {isa = PBXBuildFile; fileRef = CBD503FF212B4E4A00B41838 /* Assets.xcassets */; };
		CBD50403212B4E4A00B41838 /* LaunchScreen.storyboard in Resources */ = {isa = PBXBuildFile; fileRef = CBD50401212B4E4A00B41838 /* LaunchScreen.storyboard */; };
		CBD5040C212D95B500B41838 /* ListTableViewCell.swift in Sources */ = {isa = PBXBuildFile; fileRef = CBD5040A212D95B500B41838 /* ListTableViewCell.swift */; };
		CBD5040D212D95B500B41838 /* ListTableViewCell.xib in Resources */ = {isa = PBXBuildFile; fileRef = CBD5040B212D95B500B41838 /* ListTableViewCell.xib */; };
		CBD5040F212DAC8200B41838 /* ShoppingList.swift in Sources */ = {isa = PBXBuildFile; fileRef = CBD5040E212DAC8200B41838 /* ShoppingList.swift */; };
		CBD50411212E848700B41838 /* ShoppingListViewController.swift in Sources */ = {isa = PBXBuildFile; fileRef = CBD50410212E848700B41838 /* ShoppingListViewController.swift */; };
		CBD50414212E888500B41838 /* ListElementTableViewCell.swift in Sources */ = {isa = PBXBuildFile; fileRef = CBD50412212E888500B41838 /* ListElementTableViewCell.swift */; };
		CBD50415212E888500B41838 /* ListElementTableViewCell.xib in Resources */ = {isa = PBXBuildFile; fileRef = CBD50413212E888500B41838 /* ListElementTableViewCell.xib */; };
		CBD50419212F4D9900B41838 /* SuggestionTableViewCell.swift in Sources */ = {isa = PBXBuildFile; fileRef = CBD50417212F4D9900B41838 /* SuggestionTableViewCell.swift */; };
		CBD5041A212F4D9900B41838 /* SuggestionTableViewCell.xib in Resources */ = {isa = PBXBuildFile; fileRef = CBD50418212F4D9900B41838 /* SuggestionTableViewCell.xib */; };
		CBD5041C2131DECF00B41838 /* ShoppingListElement.swift in Sources */ = {isa = PBXBuildFile; fileRef = CBD5041B2131DECF00B41838 /* ShoppingListElement.swift */; };
/* End PBXBuildFile section */

/* Begin PBXFileReference section */
		A7B1541EF5D7B7C788DAD9B9 /* Pods-Shopping List.debug.xcconfig */ = {isa = PBXFileReference; includeInIndex = 1; lastKnownFileType = text.xcconfig; name = "Pods-Shopping List.debug.xcconfig"; path = "Pods/Target Support Files/Pods-Shopping List/Pods-Shopping List.debug.xcconfig"; sourceTree = "<group>"; };
		AE0D09D879E92BF1F1E489ED /* Pods_Shopping_List.framework */ = {isa = PBXFileReference; explicitFileType = wrapper.framework; includeInIndex = 0; path = Pods_Shopping_List.framework; sourceTree = BUILT_PRODUCTS_DIR; };
		CBD503F5212B4E4800B41838 /* Shopping List.app */ = {isa = PBXFileReference; explicitFileType = wrapper.application; includeInIndex = 0; path = "Shopping List.app"; sourceTree = BUILT_PRODUCTS_DIR; };
		CBD503F8212B4E4800B41838 /* AppDelegate.swift */ = {isa = PBXFileReference; lastKnownFileType = sourcecode.swift; path = AppDelegate.swift; sourceTree = "<group>"; };
		CBD503FA212B4E4800B41838 /* ViewController.swift */ = {isa = PBXFileReference; lastKnownFileType = sourcecode.swift; path = ViewController.swift; sourceTree = "<group>"; };
		CBD503FD212B4E4800B41838 /* Base */ = {isa = PBXFileReference; lastKnownFileType = file.storyboard; name = Base; path = Base.lproj/Main.storyboard; sourceTree = "<group>"; };
		CBD503FF212B4E4A00B41838 /* Assets.xcassets */ = {isa = PBXFileReference; lastKnownFileType = folder.assetcatalog; path = Assets.xcassets; sourceTree = "<group>"; };
		CBD50402212B4E4A00B41838 /* Base */ = {isa = PBXFileReference; lastKnownFileType = file.storyboard; name = Base; path = Base.lproj/LaunchScreen.storyboard; sourceTree = "<group>"; };
		CBD50404212B4E4A00B41838 /* Info.plist */ = {isa = PBXFileReference; lastKnownFileType = text.plist.xml; path = Info.plist; sourceTree = "<group>"; };
		CBD5040A212D95B500B41838 /* ListTableViewCell.swift */ = {isa = PBXFileReference; lastKnownFileType = sourcecode.swift; path = ListTableViewCell.swift; sourceTree = "<group>"; };
		CBD5040B212D95B500B41838 /* ListTableViewCell.xib */ = {isa = PBXFileReference; lastKnownFileType = file.xib; path = ListTableViewCell.xib; sourceTree = "<group>"; };
		CBD5040E212DAC8200B41838 /* ShoppingList.swift */ = {isa = PBXFileReference; lastKnownFileType = sourcecode.swift; path = ShoppingList.swift; sourceTree = "<group>"; };
		CBD50410212E848700B41838 /* ShoppingListViewController.swift */ = {isa = PBXFileReference; lastKnownFileType = sourcecode.swift; path = ShoppingListViewController.swift; sourceTree = "<group>"; };
		CBD50412212E888500B41838 /* ListElementTableViewCell.swift */ = {isa = PBXFileReference; lastKnownFileType = sourcecode.swift; path = ListElementTableViewCell.swift; sourceTree = "<group>"; };
		CBD50413212E888500B41838 /* ListElementTableViewCell.xib */ = {isa = PBXFileReference; lastKnownFileType = file.xib; path = ListElementTableViewCell.xib; sourceTree = "<group>"; };
		CBD50417212F4D9900B41838 /* SuggestionTableViewCell.swift */ = {isa = PBXFileReference; lastKnownFileType = sourcecode.swift; path = SuggestionTableViewCell.swift; sourceTree = "<group>"; };
		CBD50418212F4D9900B41838 /* SuggestionTableViewCell.xib */ = {isa = PBXFileReference; lastKnownFileType = file.xib; path = SuggestionTableViewCell.xib; sourceTree = "<group>"; };
		CBD5041B2131DECF00B41838 /* ShoppingListElement.swift */ = {isa = PBXFileReference; lastKnownFileType = sourcecode.swift; path = ShoppingListElement.swift; sourceTree = "<group>"; };
		CF497C9E82DF5C7F4238DC39 /* Pods-Shopping List.release.xcconfig */ = {isa = PBXFileReference; includeInIndex = 1; lastKnownFileType = text.xcconfig; name = "Pods-Shopping List.release.xcconfig"; path = "Pods/Target Support Files/Pods-Shopping List/Pods-Shopping List.release.xcconfig"; sourceTree = "<group>"; };
/* End PBXFileReference section */

/* Begin PBXFrameworksBuildPhase section */
		CBD503F2212B4E4800B41838 /* Frameworks */ = {
			isa = PBXFrameworksBuildPhase;
			buildActionMask = 2147483647;
			files = (
				38AA19E4FAEFC17799416293 /* Pods_Shopping_List.framework in Frameworks */,
			);
			runOnlyForDeploymentPostprocessing = 0;
		};
/* End PBXFrameworksBuildPhase section */

/* Begin PBXGroup section */
		1BC2489501683F654EEB9AF2 /* Frameworks */ = {
			isa = PBXGroup;
			children = (
				AE0D09D879E92BF1F1E489ED /* Pods_Shopping_List.framework */,
			);
			name = Frameworks;
			sourceTree = "<group>";
		};
		CBD503EC212B4E4800B41838 = {
			isa = PBXGroup;
			children = (
				CBD503F7212B4E4800B41838 /* Shopping List */,
				CBD503F6212B4E4800B41838 /* Products */,
				E1B829A751D56BB89250B806 /* Pods */,
				1BC2489501683F654EEB9AF2 /* Frameworks */,
			);
			sourceTree = "<group>";
		};
		CBD503F6212B4E4800B41838 /* Products */ = {
			isa = PBXGroup;
			children = (
				CBD503F5212B4E4800B41838 /* Shopping List.app */,
			);
			name = Products;
			sourceTree = "<group>";
		};
		CBD503F7212B4E4800B41838 /* Shopping List */ = {
			isa = PBXGroup;
			children = (
				CBD503F8212B4E4800B41838 /* AppDelegate.swift */,
				CBD503FA212B4E4800B41838 /* ViewController.swift */,
				CBD503FC212B4E4800B41838 /* Main.storyboard */,
				CBD503FF212B4E4A00B41838 /* Assets.xcassets */,
				CBD50401212B4E4A00B41838 /* LaunchScreen.storyboard */,
				CBD50404212B4E4A00B41838 /* Info.plist */,
				CBD50416212E89FC00B41838 /* Custom Cells */,
				CBD5040E212DAC8200B41838 /* ShoppingList.swift */,
				CBD50410212E848700B41838 /* ShoppingListViewController.swift */,
				CBD5041B2131DECF00B41838 /* ShoppingListElement.swift */,
			);
			path = "Shopping List";
			sourceTree = "<group>";
		};
		CBD50416212E89FC00B41838 /* Custom Cells */ = {
			isa = PBXGroup;
			children = (
				CBD5040A212D95B500B41838 /* ListTableViewCell.swift */,
				CBD5040B212D95B500B41838 /* ListTableViewCell.xib */,
				CBD50412212E888500B41838 /* ListElementTableViewCell.swift */,
				CBD50413212E888500B41838 /* ListElementTableViewCell.xib */,
				CBD50417212F4D9900B41838 /* SuggestionTableViewCell.swift */,
				CBD50418212F4D9900B41838 /* SuggestionTableViewCell.xib */,
			);
			path = "Custom Cells";
			sourceTree = "<group>";
		};
		E1B829A751D56BB89250B806 /* Pods */ = {
			isa = PBXGroup;
			children = (
				A7B1541EF5D7B7C788DAD9B9 /* Pods-Shopping List.debug.xcconfig */,
				CF497C9E82DF5C7F4238DC39 /* Pods-Shopping List.release.xcconfig */,
			);
			name = Pods;
			sourceTree = "<group>";
		};
/* End PBXGroup section */

/* Begin PBXNativeTarget section */
		CBD503F4212B4E4800B41838 /* Shopping List */ = {
			isa = PBXNativeTarget;
			buildConfigurationList = CBD50407212B4E4A00B41838 /* Build configuration list for PBXNativeTarget "Shopping List" */;
			buildPhases = (
				E746974E6134F7F494B8C3ED /* [CP] Check Pods Manifest.lock */,
				CBD503F1212B4E4800B41838 /* Sources */,
				CBD503F2212B4E4800B41838 /* Frameworks */,
				CBD503F3212B4E4800B41838 /* Resources */,
				913AC03314DE6EBE997BA2F6 /* [CP] Embed Pods Frameworks */,
				757F78D4183A03D921F8B991 /* [CP] Copy Pods Resources */,
			);
			buildRules = (
			);
			dependencies = (
			);
			name = "Shopping List";
			productName = "Shopping List";
			productReference = CBD503F5212B4E4800B41838 /* Shopping List.app */;
			productType = "com.apple.product-type.application";
		};
/* End PBXNativeTarget section */

/* Begin PBXProject section */
		CBD503ED212B4E4800B41838 /* Project object */ = {
			isa = PBXProject;
			attributes = {
				LastSwiftUpdateCheck = 0940;
				LastUpgradeCheck = 0940;
				ORGANIZATIONNAME = "Cezary Róg";
				TargetAttributes = {
					CBD503F4212B4E4800B41838 = {
						CreatedOnToolsVersion = 9.4.1;
					};
				};
			};
			buildConfigurationList = CBD503F0212B4E4800B41838 /* Build configuration list for PBXProject "Shopping List" */;
			compatibilityVersion = "Xcode 9.3";
			developmentRegion = en;
			hasScannedForEncodings = 0;
			knownRegions = (
				en,
				Base,
			);
			mainGroup = CBD503EC212B4E4800B41838;
			productRefGroup = CBD503F6212B4E4800B41838 /* Products */;
			projectDirPath = "";
			projectRoot = "";
			targets = (
				CBD503F4212B4E4800B41838 /* Shopping List */,
			);
		};
/* End PBXProject section */

/* Begin PBXResourcesBuildPhase section */
		CBD503F3212B4E4800B41838 /* Resources */ = {
			isa = PBXResourcesBuildPhase;
			buildActionMask = 2147483647;
			files = (
				CBD50403212B4E4A00B41838 /* LaunchScreen.storyboard in Resources */,
				CBD5040D212D95B500B41838 /* ListTableViewCell.xib in Resources */,
				CBD50415212E888500B41838 /* ListElementTableViewCell.xib in Resources */,
				CBD5041A212F4D9900B41838 /* SuggestionTableViewCell.xib in Resources */,
				CBD50400212B4E4A00B41838 /* Assets.xcassets in Resources */,
				CBD503FE212B4E4800B41838 /* Main.storyboard in Resources */,
			);
			runOnlyForDeploymentPostprocessing = 0;
		};
/* End PBXResourcesBuildPhase section */

/* Begin PBXShellScriptBuildPhase section */
		757F78D4183A03D921F8B991 /* [CP] Copy Pods Resources */ = {
			isa = PBXShellScriptBuildPhase;
			buildActionMask = 2147483647;
			files = (
			);
			inputPaths = (
			);
			name = "[CP] Copy Pods Resources";
			outputPaths = (
			);
			runOnlyForDeploymentPostprocessing = 0;
			shellPath = /bin/sh;
			shellScript = "\"${SRCROOT}/Pods/Target Support Files/Pods-Shopping List/Pods-Shopping List-resources.sh\"\n";
			showEnvVarsInLog = 0;
		};
		913AC03314DE6EBE997BA2F6 /* [CP] Embed Pods Frameworks */ = {
			isa = PBXShellScriptBuildPhase;
			buildActionMask = 2147483647;
			files = (
			);
			inputPaths = (
				"${SRCROOT}/Pods/Target Support Files/Pods-Shopping List/Pods-Shopping List-frameworks.sh",
				"${BUILT_PRODUCTS_DIR}/Realm/Realm.framework",
				"${BUILT_PRODUCTS_DIR}/RealmSwift/RealmSwift.framework",
			);
			name = "[CP] Embed Pods Frameworks";
			outputPaths = (
				"${TARGET_BUILD_DIR}/${FRAMEWORKS_FOLDER_PATH}/Realm.framework",
				"${TARGET_BUILD_DIR}/${FRAMEWORKS_FOLDER_PATH}/RealmSwift.framework",
			);
			runOnlyForDeploymentPostprocessing = 0;
			shellPath = /bin/sh;
			shellScript = "\"${SRCROOT}/Pods/Target Support Files/Pods-Shopping List/Pods-Shopping List-frameworks.sh\"\n";
			showEnvVarsInLog = 0;
		};
		E746974E6134F7F494B8C3ED /* [CP] Check Pods Manifest.lock */ = {
			isa = PBXShellScriptBuildPhase;
			buildActionMask = 2147483647;
			files = (
			);
			inputPaths = (
				"${PODS_PODFILE_DIR_PATH}/Podfile.lock",
				"${PODS_ROOT}/Manifest.lock",
			);
			name = "[CP] Check Pods Manifest.lock";
			outputPaths = (
				"$(DERIVED_FILE_DIR)/Pods-Shopping List-checkManifestLockResult.txt",
			);
			runOnlyForDeploymentPostprocessing = 0;
			shellPath = /bin/sh;
			shellScript = "diff \"${PODS_PODFILE_DIR_PATH}/Podfile.lock\" \"${PODS_ROOT}/Manifest.lock\" > /dev/null\nif [ $? != 0 ] ; then\n    # print error to STDERR\n    echo \"error: The sandbox is not in sync with the Podfile.lock. Run 'pod install' or update your CocoaPods installation.\" >&2\n    exit 1\nfi\n# This output is used by Xcode 'outputs' to avoid re-running this script phase.\necho \"SUCCESS\" > \"${SCRIPT_OUTPUT_FILE_0}\"\n";
			showEnvVarsInLog = 0;
		};
/* End PBXShellScriptBuildPhase section */

/* Begin PBXSourcesBuildPhase section */
		CBD503F1212B4E4800B41838 /* Sources */ = {
			isa = PBXSourcesBuildPhase;
			buildActionMask = 2147483647;
			files = (
				CBD503FB212B4E4800B41838 /* ViewController.swift in Sources */,
				CBD5040F212DAC8200B41838 /* ShoppingList.swift in Sources */,
				CBD5041C2131DECF00B41838 /* ShoppingListElement.swift in Sources */,
				CBD50414212E888500B41838 /* ListElementTableViewCell.swift in Sources */,
				CBD50419212F4D9900B41838 /* SuggestionTableViewCell.swift in Sources */,
				CBD50411212E848700B41838 /* ShoppingListViewController.swift in Sources */,
				CBD503F9212B4E4800B41838 /* AppDelegate.swift in Sources */,
				CBD5040C212D95B500B41838 /* ListTableViewCell.swift in Sources */,
			);
			runOnlyForDeploymentPostprocessing = 0;
		};
/* End PBXSourcesBuildPhase section */

/* Begin PBXVariantGroup section */
		CBD503FC212B4E4800B41838 /* Main.storyboard */ = {
			isa = PBXVariantGroup;
			children = (
				CBD503FD212B4E4800B41838 /* Base */,
			);
			name = Main.storyboard;
			sourceTree = "<group>";
		};
		CBD50401212B4E4A00B41838 /* LaunchScreen.storyboard */ = {
			isa = PBXVariantGroup;
			children = (
				CBD50402212B4E4A00B41838 /* Base */,
			);
			name = LaunchScreen.storyboard;
			sourceTree = "<group>";
		};
/* End PBXVariantGroup section */

/* Begin XCBuildConfiguration section */
		CBD50405212B4E4A00B41838 /* Debug */ = {
			isa = XCBuildConfiguration;
			buildSettings = {
				ALWAYS_SEARCH_USER_PATHS = NO;
				CLANG_ANALYZER_NONNULL = YES;
				CLANG_ANALYZER_NUMBER_OBJECT_CONVERSION = YES_AGGRESSIVE;
				CLANG_CXX_LANGUAGE_STANDARD = "gnu++14";
				CLANG_CXX_LIBRARY = "libc++";
				CLANG_ENABLE_MODULES = YES;
				CLANG_ENABLE_OBJC_ARC = YES;
				CLANG_ENABLE_OBJC_WEAK = YES;
				CLANG_WARN_BLOCK_CAPTURE_AUTORELEASING = YES;
				CLANG_WARN_BOOL_CONVERSION = YES;
				CLANG_WARN_COMMA = YES;
				CLANG_WARN_CONSTANT_CONVERSION = YES;
				CLANG_WARN_DEPRECATED_OBJC_IMPLEMENTATIONS = YES;
				CLANG_WARN_DIRECT_OBJC_ISA_USAGE = YES_ERROR;
				CLANG_WARN_DOCUMENTATION_COMMENTS = YES;
				CLANG_WARN_EMPTY_BODY = YES;
				CLANG_WARN_ENUM_CONVERSION = YES;
				CLANG_WARN_INFINITE_RECURSION = YES;
				CLANG_WARN_INT_CONVERSION = YES;
				CLANG_WARN_NON_LITERAL_NULL_CONVERSION = YES;
				CLANG_WARN_OBJC_IMPLICIT_RETAIN_SELF = YES;
				CLANG_WARN_OBJC_LITERAL_CONVERSION = YES;
				CLANG_WARN_OBJC_ROOT_CLASS = YES_ERROR;
				CLANG_WARN_RANGE_LOOP_ANALYSIS = YES;
				CLANG_WARN_STRICT_PROTOTYPES = YES;
				CLANG_WARN_SUSPICIOUS_MOVE = YES;
				CLANG_WARN_UNGUARDED_AVAILABILITY = YES_AGGRESSIVE;
				CLANG_WARN_UNREACHABLE_CODE = YES;
				CLANG_WARN__DUPLICATE_METHOD_MATCH = YES;
				CODE_SIGN_IDENTITY = "iPhone Developer";
				COPY_PHASE_STRIP = NO;
				DEBUG_INFORMATION_FORMAT = dwarf;
				ENABLE_STRICT_OBJC_MSGSEND = YES;
				ENABLE_TESTABILITY = YES;
				GCC_C_LANGUAGE_STANDARD = gnu11;
				GCC_DYNAMIC_NO_PIC = NO;
				GCC_NO_COMMON_BLOCKS = YES;
				GCC_OPTIMIZATION_LEVEL = 0;
				GCC_PREPROCESSOR_DEFINITIONS = (
					"DEBUG=1",
					"$(inherited)",
				);
				GCC_WARN_64_TO_32_BIT_CONVERSION = YES;
				GCC_WARN_ABOUT_RETURN_TYPE = YES_ERROR;
				GCC_WARN_UNDECLARED_SELECTOR = YES;
				GCC_WARN_UNINITIALIZED_AUTOS = YES_AGGRESSIVE;
				GCC_WARN_UNUSED_FUNCTION = YES;
				GCC_WARN_UNUSED_VARIABLE = YES;
				IPHONEOS_DEPLOYMENT_TARGET = 11.4;
				MTL_ENABLE_DEBUG_INFO = YES;
				ONLY_ACTIVE_ARCH = YES;
				SDKROOT = iphoneos;
				SWIFT_ACTIVE_COMPILATION_CONDITIONS = DEBUG;
				SWIFT_OPTIMIZATION_LEVEL = "-Onone";
			};
			name = Debug;
		};
		CBD50406212B4E4A00B41838 /* Release */ = {
			isa = XCBuildConfiguration;
			buildSettings = {
				ALWAYS_SEARCH_USER_PATHS = NO;
				CLANG_ANALYZER_NONNULL = YES;
				CLANG_ANALYZER_NUMBER_OBJECT_CONVERSION = YES_AGGRESSIVE;
				CLANG_CXX_LANGUAGE_STANDARD = "gnu++14";
				CLANG_CXX_LIBRARY = "libc++";
				CLANG_ENABLE_MODULES = YES;
				CLANG_ENABLE_OBJC_ARC = YES;
				CLANG_ENABLE_OBJC_WEAK = YES;
				CLANG_WARN_BLOCK_CAPTURE_AUTORELEASING = YES;
				CLANG_WARN_BOOL_CONVERSION = YES;
				CLANG_WARN_COMMA = YES;
				CLANG_WARN_CONSTANT_CONVERSION = YES;
				CLANG_WARN_DEPRECATED_OBJC_IMPLEMENTATIONS = YES;
				CLANG_WARN_DIRECT_OBJC_ISA_USAGE = YES_ERROR;
				CLANG_WARN_DOCUMENTATION_COMMENTS = YES;
				CLANG_WARN_EMPTY_BODY = YES;
				CLANG_WARN_ENUM_CONVERSION = YES;
				CLANG_WARN_INFINITE_RECURSION = YES;
				CLANG_WARN_INT_CONVERSION = YES;
				CLANG_WARN_NON_LITERAL_NULL_CONVERSION = YES;
				CLANG_WARN_OBJC_IMPLICIT_RETAIN_SELF = YES;
				CLANG_WARN_OBJC_LITERAL_CONVERSION = YES;
				CLANG_WARN_OBJC_ROOT_CLASS = YES_ERROR;
				CLANG_WARN_RANGE_LOOP_ANALYSIS = YES;
				CLANG_WARN_STRICT_PROTOTYPES = YES;
				CLANG_WARN_SUSPICIOUS_MOVE = YES;
				CLANG_WARN_UNGUARDED_AVAILABILITY = YES_AGGRESSIVE;
				CLANG_WARN_UNREACHABLE_CODE = YES;
				CLANG_WARN__DUPLICATE_METHOD_MATCH = YES;
				CODE_SIGN_IDENTITY = "iPhone Developer";
				COPY_PHASE_STRIP = NO;
				DEBUG_INFORMATION_FORMAT = "dwarf-with-dsym";
				ENABLE_NS_ASSERTIONS = NO;
				ENABLE_STRICT_OBJC_MSGSEND = YES;
				GCC_C_LANGUAGE_STANDARD = gnu11;
				GCC_NO_COMMON_BLOCKS = YES;
				GCC_WARN_64_TO_32_BIT_CONVERSION = YES;
				GCC_WARN_ABOUT_RETURN_TYPE = YES_ERROR;
				GCC_WARN_UNDECLARED_SELECTOR = YES;
				GCC_WARN_UNINITIALIZED_AUTOS = YES_AGGRESSIVE;
				GCC_WARN_UNUSED_FUNCTION = YES;
				GCC_WARN_UNUSED_VARIABLE = YES;
				IPHONEOS_DEPLOYMENT_TARGET = 11.4;
				MTL_ENABLE_DEBUG_INFO = NO;
				SDKROOT = iphoneos;
				SWIFT_COMPILATION_MODE = wholemodule;
				SWIFT_OPTIMIZATION_LEVEL = "-O";
				VALIDATE_PRODUCT = YES;
			};
			name = Release;
		};
		CBD50408212B4E4A00B41838 /* Debug */ = {
			isa = XCBuildConfiguration;
			baseConfigurationReference = A7B1541EF5D7B7C788DAD9B9 /* Pods-Shopping List.debug.xcconfig */;
			buildSettings = {
				ASSETCATALOG_COMPILER_APPICON_NAME = AppIcon;
				CODE_SIGN_STYLE = Automatic;
				DEVELOPMENT_TEAM = K5D9UQ8L79;
				INFOPLIST_FILE = "Shopping List/Info.plist";
				LD_RUNPATH_SEARCH_PATHS = (
					"$(inherited)",
					"@executable_path/Frameworks",
				);
				PRODUCT_BUNDLE_IDENTIFIER = "com.Roog.Shopping-List";
				PRODUCT_NAME = "$(TARGET_NAME)";
				SWIFT_VERSION = 4.0;
				TARGETED_DEVICE_FAMILY = "1,2";
			};
			name = Debug;
		};
		CBD50409212B4E4A00B41838 /* Release */ = {
			isa = XCBuildConfiguration;
			baseConfigurationReference = CF497C9E82DF5C7F4238DC39 /* Pods-Shopping List.release.xcconfig */;
			buildSettings = {
				ASSETCATALOG_COMPILER_APPICON_NAME = AppIcon;
				CODE_SIGN_STYLE = Automatic;
				DEVELOPMENT_TEAM = K5D9UQ8L79;
				INFOPLIST_FILE = "Shopping List/Info.plist";
				LD_RUNPATH_SEARCH_PATHS = (
					"$(inherited)",
					"@executable_path/Frameworks",
				);
				PRODUCT_BUNDLE_IDENTIFIER = "com.Roog.Shopping-List";
				PRODUCT_NAME = "$(TARGET_NAME)";
				SWIFT_VERSION = 4.0;
				TARGETED_DEVICE_FAMILY = "1,2";
			};
			name = Release;
		};
/* End XCBuildConfiguration section */

/* Begin XCConfigurationList section */
		CBD503F0212B4E4800B41838 /* Build configuration list for PBXProject "Shopping List" */ = {
			isa = XCConfigurationList;
			buildConfigurations = (
				CBD50405212B4E4A00B41838 /* Debug */,
				CBD50406212B4E4A00B41838 /* Release */,
			);
			defaultConfigurationIsVisible = 0;
			defaultConfigurationName = Release;
		};
		CBD50407212B4E4A00B41838 /* Build configuration list for PBXNativeTarget "Shopping List" */ = {
			isa = XCConfigurationList;
			buildConfigurations = (
				CBD50408212B4E4A00B41838 /* Debug */,
				CBD50409212B4E4A00B41838 /* Release */,
			);
			defaultConfigurationIsVisible = 0;
			defaultConfigurationName = Release;
		};
/* End XCConfigurationList section */
	};
	rootObject = CBD503ED212B4E4800B41838 /* Project object */;
}
